github.com/DATA-DOG/go-sqlmock v1.3.3/go.mod h1:f/Ixk793poVmq4qj/V1dPUg2JEAKC73Q5eFN3EC/SaM=
github.com/ajg/form v1.5.1 h1:t9c7v8JUKu/XxOGBU0yjNpaMloxGEJhUkqFRq0ibGeU=
github.com/ajg/form v1.5.1/go.mod h1:uL1WgH+h2mgNtvBq0339dVnzXdBETtL2LeUXaIv25UY=
github.com/dnaeon/go-vcr v1.0.1 h1:r8L/HqC0Hje5AXMu1ooW8oyQyOFv4GxqpL0nRP7SLLY=
github.com/dnaeon/go-vcr v1.0.1/go.mod h1:aBB1+wY4s93YsC3HHjMBMrwTj2R9FHDzUr9KyGc8n1E=
github.com/gdamore/encoding v1.0.0 h1:+7OoQ1Bc6eTm5niUzBa0Ctsh6JbMW6Ra+YNuAtDBdko=
github.com/gdamore/encoding v1.0.0/go.mod h1:alR0ol34c49FCSBLjhosxzcPHQbf2trDkoo5dl+VrEg=
github.com/gdamore/tcell v1.1.1 h1:U73YL+jMem2XfhvaIUfPO6MpJawaG92B2funXVb9qLs=
github.com/gdamore/tcell v1.1.1/go.mod h1:K1udHkiR3cOtlpKG5tZPD5XxrF7v2y7lDq7Whcj+xkQ=
github.com/google/jsonapi v0.0.0-20181016150055-d0428f63eb51 h1:k+U8IQj6kj659R+Ahq6YsK03GdUo8qQdTsq5HBzfQwM=
github.com/google/jsonapi v0.0.0-20181016150055-d0428f63eb51/go.mod h1:XSx4m2SziAqk9DXY9nz659easTq4q6TyrpYd9tHSm0g=
github.com/hashicorp/go-cleanhttp v0.5.1 h1:dH3aiDG9Jvb5r5+bYHsikaOUIpcM0xvgMXVoDkXMzJM=
github.com/hashicorp/go-cleanhttp v0.5.1/go.mod h1:JpRdi6/HCYpAwUzNwuwqhbovhLtngrth3wmdIIUrZ80=
github.com/inconshreveable/mousetrap v1.0.0 h1:Z8tu5sraLXCXIcARxBp/8cbvlwVa7Z1NHg9XEKhtSvM=
github.com/inconshreveable/mousetrap v1.0.0/go.mod h1:PxqpIevigyE2G7u3NXJIT2ANytuPF1OarO4DADm73n8=
github.com/kelseyhightower/envconfig v1.3.0 h1:IvRS4f2VcIQy6j4ORGIf9145T/AsUB+oY8LyvN8BXNM=
github.com/kelseyhightower/envconfig v1.3.0/go.mod h1:cccZRl6mQpaq41TPp5QxidR+Sa3axMbJDNb//FQX6Gg=
github.com/lucasb-eyer/go-colorful v0.0.0-20181028223441-12d3b2882a08/go.mod h1:NXg0ArsFk0Y01623LgUqoqcouGDB+PwCCQlrwrG6xJ4=
github.com/lucasb-eyer/go-colorful v1.0.2 h1:mCMFu6PgSozg9tDNMMK3g18oJBX7oYGrC09mS6CXfO4=
github.com/lucasb-eyer/go-colorful v1.0.2/go.mod h1:0MS4r+7BZKSJ5mw4/S5MPN+qHFF1fYclkSPilDOKW0s=
github.com/mattn/go-runewidth v0.0.4 h1:2BvfKmzob6Bmd4YsL0zygOqfdFnK7GR4QL06Do4/p7Y=
github.com/mattn/go-runewidth v0.0.4/go.mod h1:LwmH8dsx7+W8Uxz3IHJYH5QSwggIsqBzpuz5H//U1FU=
github.com/mitchellh/mapstructure v1.1.2 h1:fmNYVwqnSfB9mZU6OS2O6GsXM+wcskZDuKQzvN1EDeE=
github.com/mitchellh/mapstructure v1.1.2/go.mod h1:FVVH3fgwuzCH5S8UJGiWEs2h04kUh9fWfEaFds41c1Y=
github.com/moul/http2curl v1.0.0 h1:dRMWoAtb+ePxMlLkrCbAqh4TlPHXvoGUSQ323/9Zahs=
github.com/moul/http2curl v1.0.0/go.mod h1:8UbvGypXm98wA/IqH45anm5Y2Z6ep6O31QGOAZ3H0fQ=
github.com/pkg/errors v0.8.1 h1:iURUrRGxPUNPdy5/HRSm+Yj6okJ6UtLINN0Q9M4+h3I=
github.com/pkg/errors v0.8.1/go.mod h1:bwawxfHBFNV+L2hUp1rHADufV3IMtnDRdf1r5NINEl0=
github.com/rivo/tview v0.0.0-20190406182340-90b4da1bd64c h1:g/UvEDB8RutkfYbTULmcCUpN0uQCVeh6j4bHt+Te8yM=
github.com/rivo/tview v0.0.0-20190406182340-90b4da1bd64c/go.mod h1:J4W+hErFfITUbyFAEXizpmkuxX7ZN56dopxHB4XQhMw=
github.com/rivo/uniseg v0.0.0-20190313204849-f699dde9c340 h1:nOZbL5f2xmBAHWYrrHbHV1xatzZirN++oOQ3g83Ypgs=
github.com/rivo/uniseg v0.0.0-20190313204849-f699dde9c340/go.mod h1:SOLvOL4ybwgLJ6TYoX/rtaJ8EGOulH4XU7E9/TLrTCE=
github.com/sahilm/fuzzy v0.1.0 h1:FzWGaw2Opqyu+794ZQ9SYifWv2EIXpwP4q8dY1kDAwI=
github.com/sahilm/fuzzy v0.1.0/go.mod h1:VFvziUEIMCrT6A6tw2RFIXPXXmzXbOsSHF0DOI8ZK9Y=
github.com/sethvargo/go-fastly v0.4.2 h1:WIDh16IvyffX7kE32+2BOIbi70FTECv7sEEGs7ED3b0=
github.com/sethvargo/go-fastly v0.4.2/go.mod h1:b7X1uYwftutCoM0cgJgE7UFQoZsoTMITE4QW/8K2BuQ=
github.com/skratchdot/open-golang v0.0.0-20190402232053-79abb63cd66e h1:VAzdS5Nw68fbf5RZ8RDVlUvPXNU6Z3jtPCK/qvm4FoQ=
github.com/skratchdot/open-golang v0.0.0-20190402232053-79abb63cd66e/go.mod h1:sUM3LWHvSMaG192sy56D9F7CNvL7jUJVXoqM1QKLnog=
github.com/spf13/cobra v0.0.3 h1:ZlrZ4XsMRm04Fr5pSFxBgfND2EBVa1nLpiy1stUsX/8=
github.com/spf13/cobra v0.0.3/go.mod h1:1l0Ry5zgKvJasoi3XT1TypsSe7PqH0Sj9dhYf7v3XqQ=
github.com/spf13/pflag v1.0.3 h1:zPAT6CGy6wXeQ7NtTnaTerfKOsV6V6F8agHXFiazDkg=
github.com/spf13/pflag v1.0.3/go.mod h1:DYY7MBk1bdzusC3SYhjObp+wFpr4gzcvqqNjLnInEg4=
golang.org/x/text v0.3.0 h1:g61tztE5qeGQ89tm6NTjjM9VPIm088od1l6aSorWRWg=
golang.org/x/text v0.3.0/go.mod h1:NqM8EUOU14njkJ3fqMW+pc6Ldnwhi/IjpwHt7yyuwOQ=
gopkg.in/DATA-DOG/go-sqlmock.v1 v1.3.0/go.mod h1:OdE7CF6DbADk7lN8LIKRzRJTTZXIjtWgA5THM5lhBAw=
gopkg.in/check.v1 v0.0.0-20161208181325-20d25e280405/go.mod h1:Co6ibVJAznAaIkqp8huTwlJQCZ016jof/cbN4VW5Yz0=
gopkg.in/yaml.v2 v2.2.2 h1:ZCJp+EgiOT7lHqUV2J862kp8Qj64Jo6az82+3Td9dZw=
gopkg.in/yaml.v2 v2.2.2/go.mod h1:hI93XBmqTisBFMUTm0b8Fm+jr3Dg1NNxqwp+5A1VGuI=
